<?xml version="1.0" encoding="utf-8"?>
<Project ToolsVersion="4.0" xmlns="http://schemas.microsoft.com/developer/msbuild/2003">
  <ItemGroup>
    <Filter Include="Source Files">
      <UniqueIdentifier>{4FC737F1-C7A5-4376-A066-2A32D752A2FF}</UniqueIdentifier>
      <Extensions>cpp;c;cc;cxx;def;odl;idl;hpj;bat;asm;asmx</Extensions>
    </Filter>
    <Filter Include="Header Files">
      <UniqueIdentifier>{93995380-89BD-4b04-88EB-625FBE52EBFB}</UniqueIdentifier>
      <Extensions>h;hh;hpp;hxx;hm;inl;inc;ipp;xsd</Extensions>
    </Filter>
    <Filter Include="Resource Files">
      <UniqueIdentifier>{67DA6AB6-F800-4c08-8B7A-83BB121AAD01}</UniqueIdentifier>
      <Extensions>rc;ico;cur;bmp;dlg;rc2;rct;bin;rgs;gif;jpg;jpeg;jpe;resx;tiff;tif;png;wav;mfcribbon-ms</Extensions>
    </Filter>
    <Filter Include="Source Files\ECS">
      <UniqueIdentifier>{81ea25a2-2e75-435a-a7c4-fce31823e3d5}</UniqueIdentifier>
    </Filter>
    <Filter Include="Source Files\ECS\System">
      <UniqueIdentifier>{65b0b852-af79-464a-878d-511c8ec8c811}</UniqueIdentifier>
    </Filter>
    <Filter Include="Source Files\ECS\Factory">
      <UniqueIdentifier>{1f090098-8a9a-4cb4-a026-304974ceffff}</UniqueIdentifier>
    </Filter>
    <Filter Include="Source Files\ECS\Component">
      <UniqueIdentifier>{d3e3b1e8-6c2b-41eb-b652-decdffa5db48}</UniqueIdentifier>
    </Filter>
    <Filter Include="Source Files\Input">
      <UniqueIdentifier>{212d7798-a17d-4745-a1c6-989c28c25624}</UniqueIdentifier>
    </Filter>
    <Filter Include="Source Files\Vector2D">
      <UniqueIdentifier>{9a61f11d-874c-45d7-85f3-fed5b2cfc637}</UniqueIdentifier>
    </Filter>
    <Filter Include="Source Files\Polygon">
      <UniqueIdentifier>{bba5397d-a653-414a-afb1-17849a8d0654}</UniqueIdentifier>
    </Filter>
  </ItemGroup>
  <ItemGroup>
    <ClCompile Include="EntityComponentSystem.cpp">
      <Filter>Source Files</Filter>
    </ClCompile>
    <ClCompile Include="PolygonUtils.cpp">
      <Filter>Source Files\Polygon</Filter>
    </ClCompile>
    <ClCompile Include="System.cpp">
      <Filter>Source Files\ECS\System</Filter>
    </ClCompile>
    <ClCompile Include="EntityFactory.cpp">
      <Filter>Source Files\ECS\Factory</Filter>
    </ClCompile>
    <ClCompile Include="Component.h">
      <Filter>Source Files\ECS\Component</Filter>
    </ClCompile>
    <ClCompile Include="RenderSystem.cpp">
      <Filter>Source Files\ECS\System</Filter>
    </ClCompile>
    <ClCompile Include="KeyboardInput.cpp">
      <Filter>Source Files\Input</Filter>
    </ClCompile>
    <ClCompile Include="MouseInput.cpp">
      <Filter>Source Files\Input</Filter>
    </ClCompile>
    <ClCompile Include="InputSystem.cpp">
      <Filter>Source Files\ECS\System</Filter>
    </ClCompile>
    <ClCompile Include="Vec2D.cpp">
      <Filter>Source Files\Vector2D</Filter>
    </ClCompile>
  </ItemGroup>
  <ItemGroup>
    <None Include="..\..\..\lib\SDL2-2.0.9\lib\x64\SDL2.dll" />
  </ItemGroup>
  <ItemGroup>
    <ClInclude Include="PolygonUtils.h">
      <Filter>Source Files\Polygon</Filter>
    </ClInclude>
    <ClInclude Include="System.h">
      <Filter>Source Files\ECS\System</Filter>
    </ClInclude>
    <ClInclude Include="EntityFactory.h">
      <Filter>Source Files\ECS\Factory</Filter>
    </ClInclude>
    <ClInclude Include="RenderSystem.h">
      <Filter>Source Files\ECS\System</Filter>
    </ClInclude>
    <ClInclude Include="KeyboardInput.h">
      <Filter>Source Files\Input</Filter>
    </ClInclude>
    <ClInclude Include="MouseInput.h">
      <Filter>Source Files\Input</Filter>
    </ClInclude>
    <ClInclude Include="InputSystem.h">
      <Filter>Source Files\ECS\System</Filter>
    </ClInclude>
    <ClInclude Include="Vec2D.h">
      <Filter>Source Files\Vector2D</Filter>
    </ClInclude>
  </ItemGroup>
</Project>